
Microsoft Visual Studio Solution File, Format Version 12.00
# Visual Studio Version 17
VisualStudioVersion = 17.5.002.0
MinimumVisualStudioVersion = 10.0.40219.1
Project("{2150E333-8FDC-42A3-9474-1A3956D46DE8}") = "src", "src", "{6A7A10CB-34B7-42DE-81A6-17200BF2FBC7}"
EndProject
Project("{9A19103F-16F7-4668-BE54-9A1E7A4F7556}") = "Aoxe.Cryptography", "src\Aoxe.Cryptography\Aoxe.Cryptography.csproj", "{26999D77-BC58-4F47-9F62-C7290686C319}"
EndProject
Project("{9A19103F-16F7-4668-BE54-9A1E7A4F7556}") = "Aoxe.Cryptography.Abstractions", "src\Aoxe.Cryptography.Abstractions\Aoxe.Cryptography.Abstractions.csproj", "{8D70F222-D57D-4F76-8049-2685F4594977}"
EndProject
Project("{2150E333-8FDC-42A3-9474-1A3956D46DE8}") = "tests", "tests", "{8780EBB3-633D-4194-85FA-B678D9AD5922}"
EndProject
Project("{9A19103F-16F7-4668-BE54-9A1E7A4F7556}") = "Aoxe.Cryptography.Abstractions.UnitTest", "tests\Aoxe.Cryptography.Abstractions.UnitTest\Aoxe.Cryptography.Abstractions.UnitTest.csproj", "{38A951F7-B7EA-4F86-92BA-D5502583CC8A}"
EndProject
Project("{9A19103F-16F7-4668-BE54-9A1E7A4F7556}") = "Aoxe.Cryptography.UnitTest", "tests\Aoxe.Cryptography.UnitTest\Aoxe.Cryptography.UnitTest.csproj", "{53A3C882-7258-4046-BFA2-17D877614A22}"
EndProject
Global
	GlobalSection(SolutionConfigurationPlatforms) = preSolution
		Debug|Any CPU = Debug|Any CPU
		Release|Any CPU = Release|Any CPU
	EndGlobalSection
	GlobalSection(ProjectConfigurationPlatforms) = postSolution
		{26999D77-BC58-4F47-9F62-C7290686C319}.Debug|Any CPU.ActiveCfg = Debug|Any CPU
		{26999D77-BC58-4F47-9F62-C7290686C319}.Debug|Any CPU.Build.0 = Debug|Any CPU
		{26999D77-BC58-4F47-9F62-C7290686C319}.Release|Any CPU.ActiveCfg = Release|Any CPU
		{26999D77-BC58-4F47-9F62-C7290686C319}.Release|Any CPU.Build.0 = Release|Any CPU
		{8D70F222-D57D-4F76-8049-2685F4594977}.Debug|Any CPU.ActiveCfg = Debug|Any CPU
		{8D70F222-D57D-4F76-8049-2685F4594977}.Debug|Any CPU.Build.0 = Debug|Any CPU
		{8D70F222-D57D-4F76-8049-2685F4594977}.Release|Any CPU.ActiveCfg = Release|Any CPU
		{8D70F222-D57D-4F76-8049-2685F4594977}.Release|Any CPU.Build.0 = Release|Any CPU
		{38A951F7-B7EA-4F86-92BA-D5502583CC8A}.Debug|Any CPU.ActiveCfg = Debug|Any CPU
		{38A951F7-B7EA-4F86-92BA-D5502583CC8A}.Debug|Any CPU.Build.0 = Debug|Any CPU
		{38A951F7-B7EA-4F86-92BA-D5502583CC8A}.Release|Any CPU.ActiveCfg = Release|Any CPU
		{38A951F7-B7EA-4F86-92BA-D5502583CC8A}.Release|Any CPU.Build.0 = Release|Any CPU
		{53A3C882-7258-4046-BFA2-17D877614A22}.Debug|Any CPU.ActiveCfg = Debug|Any CPU
		{53A3C882-7258-4046-BFA2-17D877614A22}.Debug|Any CPU.Build.0 = Debug|Any CPU
		{53A3C882-7258-4046-BFA2-17D877614A22}.Release|Any CPU.ActiveCfg = Release|Any CPU
		{53A3C882-7258-4046-BFA2-17D877614A22}.Release|Any CPU.Build.0 = Release|Any CPU
	EndGlobalSection
	GlobalSection(SolutionProperties) = preSolution
		HideSolutionNode = FALSE
	EndGlobalSection
	GlobalSection(NestedProjects) = preSolution
		{26999D77-BC58-4F47-9F62-C7290686C319} = {6A7A10CB-34B7-42DE-81A6-17200BF2FBC7}
		{8D70F222-D57D-4F76-8049-2685F4594977} = {6A7A10CB-34B7-42DE-81A6-17200BF2FBC7}
		{38A951F7-B7EA-4F86-92BA-D5502583CC8A} = {8780EBB3-633D-4194-85FA-B678D9AD5922}
		{53A3C882-7258-4046-BFA2-17D877614A22} = {8780EBB3-633D-4194-85FA-B678D9AD5922}
	EndGlobalSection
	GlobalSection(ExtensibilityGlobals) = postSolution
		SolutionGuid = {846E3566-338D-4903-BB23-A6770E0E7194}
	EndGlobalSection
EndGlobal
