
Microsoft Visual Studio Solution File, Format Version 12.00
# Visual Studio 15
VisualStudioVersion = 15.0.27004.2009
MinimumVisualStudioVersion = 10.0.40219.1
Project("{2150E333-8FDC-42A3-9474-1A3956D46DE8}") = "src", "src", "{5DCF8E77-957D-4305-B130-70AEDEF86B2F}"
EndProject
Project("{2150E333-8FDC-42A3-9474-1A3956D46DE8}") = "tests", "tests", "{268D4E02-CE5F-4205-97D2-B18EF95A6B44}"
EndProject
Project("{FAE04EC0-301F-11D3-BF4B-00C04F79EFBC}") = "Zaabee.Cryptographic", "src\Zaabee.Cryptographic\Zaabee.Cryptographic.csproj", "{DC23C5A5-43A9-4C8D-BEA1-9C08EF061A51}"
EndProject
Project("{FAE04EC0-301F-11D3-BF4B-00C04F79EFBC}") = "Zaabee.Cryptographic.UnitTest", "tests\Zaabee.Cryptographic.UnitTest\Zaabee.Cryptographic.UnitTest.csproj", "{F9412899-E4F1-448E-A80A-A10B719CD7B4}"
EndProject
Global
	GlobalSection(SolutionConfigurationPlatforms) = preSolution
		Debug|Any CPU = Debug|Any CPU
		Release|Any CPU = Release|Any CPU
	EndGlobalSection
	GlobalSection(ProjectConfigurationPlatforms) = postSolution
		{DC23C5A5-43A9-4C8D-BEA1-9C08EF061A51}.Debug|Any CPU.ActiveCfg = Debug|Any CPU
		{DC23C5A5-43A9-4C8D-BEA1-9C08EF061A51}.Debug|Any CPU.Build.0 = Debug|Any CPU
		{DC23C5A5-43A9-4C8D-BEA1-9C08EF061A51}.Release|Any CPU.ActiveCfg = Release|Any CPU
		{DC23C5A5-43A9-4C8D-BEA1-9C08EF061A51}.Release|Any CPU.Build.0 = Release|Any CPU
		{F9412899-E4F1-448E-A80A-A10B719CD7B4}.Debug|Any CPU.ActiveCfg = Debug|Any CPU
		{F9412899-E4F1-448E-A80A-A10B719CD7B4}.Debug|Any CPU.Build.0 = Debug|Any CPU
		{F9412899-E4F1-448E-A80A-A10B719CD7B4}.Release|Any CPU.ActiveCfg = Release|Any CPU
		{F9412899-E4F1-448E-A80A-A10B719CD7B4}.Release|Any CPU.Build.0 = Release|Any CPU
	EndGlobalSection
	GlobalSection(SolutionProperties) = preSolution
		HideSolutionNode = FALSE
	EndGlobalSection
	GlobalSection(ExtensibilityGlobals) = postSolution
		SolutionGuid = {5C84420A-747F-4C48-8E99-02C44060C684}
	EndGlobalSection
	GlobalSection(NestedProjects) = preSolution
		{DC23C5A5-43A9-4C8D-BEA1-9C08EF061A51} = {5DCF8E77-957D-4305-B130-70AEDEF86B2F}
		{F9412899-E4F1-448E-A80A-A10B719CD7B4} = {268D4E02-CE5F-4205-97D2-B18EF95A6B44}
	EndGlobalSection
EndGlobal
